
Microsoft Visual Studio Solution File, Format Version 12.00
# Visual Studio 15
VisualStudioVersion = 15.0.27703.2042
MinimumVisualStudioVersion = 10.0.40219.1
Project("{9A19103F-16F7-4668-BE54-9A1E7A4F7556}") = "BeaverSoft.Texo.Core", "BeaverSoft.Texo.Core\BeaverSoft.Texo.Core.csproj", "{588610D7-7D21-4DF8-AAD6-E88C83560D87}"
EndProject
Project("{9A19103F-16F7-4668-BE54-9A1E7A4F7556}") = "BeaverSoft.Texo.View.Console", "BeaverSoft.Texo.View.Console\BeaverSoft.Texo.View.Console.csproj", "{C23EE235-084E-44FC-8238-D0CA0C5CC329}"
EndProject
Project("{2150E333-8FDC-42A3-9474-1A3956D46DE8}") = "BeaverSoft.Texo.Test.Client", "BeaverSoft.Texo.Test.Client", "{F5B87E3E-7729-46C9-8863-75ED2D5A2D51}"
EndProject
Project("{9A19103F-16F7-4668-BE54-9A1E7A4F7556}") = "BeaverSoft.Texo.Test.Client.Console", "BeaverSoft.Texo.Test.Client.Console\BeaverSoft.Texo.Test.Client.Console.csproj", "{22C3FE11-0CE2-4D19-A32A-19B7B4DD9DD0}"
EndProject
Project("{FAE04EC0-301F-11D3-BF4B-00C04F79EFBC}") = "BeaverSoft.Texo.Test.Client.WPF", "BeaverSoft.Texo.Test.Client.WPF\BeaverSoft.Texo.Test.Client.WPF.csproj", "{D9A082D5-4591-40C7-9911-F0B76FB842A9}"
EndProject
Project("{2150E333-8FDC-42A3-9474-1A3956D46DE8}") = "BeaverSoft.Texo.View", "BeaverSoft.Texo.View", "{534F00C1-22A4-4090-9566-6C6A8468ACC1}"
EndProject
Project("{FAE04EC0-301F-11D3-BF4B-00C04F79EFBC}") = "BeaverSoft.Texo.View.WPF", "BeaverSoft.Texo.View.WPF\BeaverSoft.Texo.View.WPF.csproj", "{415687A3-ACD3-463A-9D86-8202EF06071F}"
EndProject
Project("{9A19103F-16F7-4668-BE54-9A1E7A4F7556}") = "BeaverSoft.Texo.Test.Client.Core", "BeaverSoft.Texo.Test.Client.Core\BeaverSoft.Texo.Test.Client.Core.csproj", "{BDF53369-758D-4954-BA18-9424EF294550}"
EndProject
Project("{FAE04EC0-301F-11D3-BF4B-00C04F79EFBC}") = "BeaverSoft.Texo.View.Bridge", "BeaveerSoft.Texo.View.Bridge\BeaverSoft.Texo.View.Bridge.csproj", "{51B05FED-D5D3-4B31-916A-D05F670F5108}"
EndProject
Project("{2150E333-8FDC-42A3-9474-1A3956D46DE8}") = "Solution Items", "Solution Items", "{6765B4AB-546C-4E9D-AEB6-80E1B11617F4}"
	ProjectSection(SolutionItems) = preProject
		README.md = README.md
	EndProjectSection
EndProject
Project("{9A19103F-16F7-4668-BE54-9A1E7A4F7556}") = "BeaverSoft.Texo.Core.Markdown", "BeaverSoft.Texo.Core.MarkDown\BeaverSoft.Texo.Core.Markdown.csproj", "{9D99B9D9-ED3A-430C-8233-68CB05CB7CCA}"
EndProject
Project("{2150E333-8FDC-42A3-9474-1A3956D46DE8}") = "BeaverSoft.Texo.Test", "BeaverSoft.Texo.Test", "{B0C6C7C8-9839-40AD-A96F-C81E22EA87E1}"
EndProject
Project("{9A19103F-16F7-4668-BE54-9A1E7A4F7556}") = "BeaverSoft.Texo.Test.Core", "BeaverSoft.Texo.Test.Core\BeaverSoft.Texo.Test.Core.csproj", "{4DF7DF69-5953-45B0-B6B0-CF2DC7CFED03}"
EndProject
Project("{9A19103F-16F7-4668-BE54-9A1E7A4F7556}") = "BeaverSoft.Texo.View.Console.Markdown", "BeaverSoft.Texo.View.Console.Markdown\BeaverSoft.Texo.View.Console.Markdown.csproj", "{74FA3293-4FC3-4B60-BA41-3670657AD3D3}"
EndProject
Project("{FAE04EC0-301F-11D3-BF4B-00C04F79EFBC}") = "BeaverSoft.Texo.View.WPF.Markdown", "BeaverSoft.Texo.View.WPF.Markdown\BeaverSoft.Texo.View.WPF.Markdown.csproj", "{1DC76826-BCBE-4E8D-BB0A-D3D47736C816}"
EndProject
Project("{2150E333-8FDC-42A3-9474-1A3956D46DE8}") = "Commands", "Commands", "{DA3E9648-B96A-433E-A86A-FA7E3F925058}"
EndProject
Project("{9A19103F-16F7-4668-BE54-9A1E7A4F7556}") = "Commands.ReferenceCheck", "Commands\Commands.ReferenceCheck\Commands.ReferenceCheck.csproj", "{02D86F64-24CC-4728-8E3A-E269FA55C109}"
EndProject
Project("{9A19103F-16F7-4668-BE54-9A1E7A4F7556}") = "Commands.Dir", "Commands\Commands.Dir\Commands.Dir.csproj", "{1B36D37C-17EA-4F66-8EF9-4AFB55ED552A}"
EndProject
Project("{9A19103F-16F7-4668-BE54-9A1E7A4F7556}") = "Commands.FileManager", "Commands\Commands.FileManager\Commands.FileManager.csproj", "{2AFDFE71-D743-49DF-9F47-61A94431CF00}"
EndProject
Project("{9A19103F-16F7-4668-BE54-9A1E7A4F7556}") = "Commands.NugetManager", "Commands\Commands.NugetManager\Commands.NugetManager.csproj", "{6B1BA988-E9C1-46B7-86EE-1D0269D21906}"
EndProject
Project("{9A19103F-16F7-4668-BE54-9A1E7A4F7556}") = "Commands.CommandLine", "Commands\Commands.CommandLine\Commands.CommandLine.csproj", "{620B936C-B2A0-4B37-97DA-11E32B858D7C}"
EndProject
Project("{9A19103F-16F7-4668-BE54-9A1E7A4F7556}") = "Commands.CodeBaseSearch", "Commands\Commands.CodeBaseSearch\Commands.CodeBaseSearch.csproj", "{15AFB5D0-4D42-4077-9F04-0D83E8D70D79}"
EndProject
Project("{2150E333-8FDC-42A3-9474-1A3956D46DE8}") = "BeaverSoft.Texo.Fallback", "BeaverSoft.Texo.Fallback", "{4005EDEB-D8D4-4662-8EB2-80E4CE64F9DA}"
EndProject
Project("{FAE04EC0-301F-11D3-BF4B-00C04F79EFBC}") = "BeaverSoft.Texo.Fallback.PowerShell", "BeaverSoft.Texo.Fallback.PowerShell\BeaverSoft.Texo.Fallback.PowerShell.csproj", "{A97A2EDB-7AC3-4F23-963E-D9A924A87A11}"
EndProject
Global
	GlobalSection(SolutionConfigurationPlatforms) = preSolution
		Debug|Any CPU = Debug|Any CPU
		Release|Any CPU = Release|Any CPU
	EndGlobalSection
	GlobalSection(ProjectConfigurationPlatforms) = postSolution
		{588610D7-7D21-4DF8-AAD6-E88C83560D87}.Debug|Any CPU.ActiveCfg = Debug|Any CPU
		{588610D7-7D21-4DF8-AAD6-E88C83560D87}.Debug|Any CPU.Build.0 = Debug|Any CPU
		{588610D7-7D21-4DF8-AAD6-E88C83560D87}.Release|Any CPU.ActiveCfg = Release|Any CPU
		{588610D7-7D21-4DF8-AAD6-E88C83560D87}.Release|Any CPU.Build.0 = Release|Any CPU
		{C23EE235-084E-44FC-8238-D0CA0C5CC329}.Debug|Any CPU.ActiveCfg = Debug|Any CPU
		{C23EE235-084E-44FC-8238-D0CA0C5CC329}.Debug|Any CPU.Build.0 = Debug|Any CPU
		{C23EE235-084E-44FC-8238-D0CA0C5CC329}.Release|Any CPU.ActiveCfg = Release|Any CPU
		{C23EE235-084E-44FC-8238-D0CA0C5CC329}.Release|Any CPU.Build.0 = Release|Any CPU
		{22C3FE11-0CE2-4D19-A32A-19B7B4DD9DD0}.Debug|Any CPU.ActiveCfg = Debug|Any CPU
		{22C3FE11-0CE2-4D19-A32A-19B7B4DD9DD0}.Debug|Any CPU.Build.0 = Debug|Any CPU
		{22C3FE11-0CE2-4D19-A32A-19B7B4DD9DD0}.Release|Any CPU.ActiveCfg = Release|Any CPU
		{22C3FE11-0CE2-4D19-A32A-19B7B4DD9DD0}.Release|Any CPU.Build.0 = Release|Any CPU
		{D9A082D5-4591-40C7-9911-F0B76FB842A9}.Debug|Any CPU.ActiveCfg = Debug|Any CPU
		{D9A082D5-4591-40C7-9911-F0B76FB842A9}.Debug|Any CPU.Build.0 = Debug|Any CPU
		{D9A082D5-4591-40C7-9911-F0B76FB842A9}.Release|Any CPU.ActiveCfg = Release|Any CPU
		{D9A082D5-4591-40C7-9911-F0B76FB842A9}.Release|Any CPU.Build.0 = Release|Any CPU
		{415687A3-ACD3-463A-9D86-8202EF06071F}.Debug|Any CPU.ActiveCfg = Debug|Any CPU
		{415687A3-ACD3-463A-9D86-8202EF06071F}.Debug|Any CPU.Build.0 = Debug|Any CPU
		{415687A3-ACD3-463A-9D86-8202EF06071F}.Release|Any CPU.ActiveCfg = Release|Any CPU
		{415687A3-ACD3-463A-9D86-8202EF06071F}.Release|Any CPU.Build.0 = Release|Any CPU
		{BDF53369-758D-4954-BA18-9424EF294550}.Debug|Any CPU.ActiveCfg = Debug|Any CPU
		{BDF53369-758D-4954-BA18-9424EF294550}.Debug|Any CPU.Build.0 = Debug|Any CPU
		{BDF53369-758D-4954-BA18-9424EF294550}.Release|Any CPU.ActiveCfg = Release|Any CPU
		{BDF53369-758D-4954-BA18-9424EF294550}.Release|Any CPU.Build.0 = Release|Any CPU
		{51B05FED-D5D3-4B31-916A-D05F670F5108}.Debug|Any CPU.ActiveCfg = Debug|Any CPU
		{51B05FED-D5D3-4B31-916A-D05F670F5108}.Debug|Any CPU.Build.0 = Debug|Any CPU
		{51B05FED-D5D3-4B31-916A-D05F670F5108}.Release|Any CPU.ActiveCfg = Release|Any CPU
		{51B05FED-D5D3-4B31-916A-D05F670F5108}.Release|Any CPU.Build.0 = Release|Any CPU
		{9D99B9D9-ED3A-430C-8233-68CB05CB7CCA}.Debug|Any CPU.ActiveCfg = Debug|Any CPU
		{9D99B9D9-ED3A-430C-8233-68CB05CB7CCA}.Debug|Any CPU.Build.0 = Debug|Any CPU
		{9D99B9D9-ED3A-430C-8233-68CB05CB7CCA}.Release|Any CPU.ActiveCfg = Release|Any CPU
		{9D99B9D9-ED3A-430C-8233-68CB05CB7CCA}.Release|Any CPU.Build.0 = Release|Any CPU
		{4DF7DF69-5953-45B0-B6B0-CF2DC7CFED03}.Debug|Any CPU.ActiveCfg = Debug|Any CPU
		{4DF7DF69-5953-45B0-B6B0-CF2DC7CFED03}.Debug|Any CPU.Build.0 = Debug|Any CPU
		{4DF7DF69-5953-45B0-B6B0-CF2DC7CFED03}.Release|Any CPU.ActiveCfg = Release|Any CPU
		{4DF7DF69-5953-45B0-B6B0-CF2DC7CFED03}.Release|Any CPU.Build.0 = Release|Any CPU
		{74FA3293-4FC3-4B60-BA41-3670657AD3D3}.Debug|Any CPU.ActiveCfg = Debug|Any CPU
		{74FA3293-4FC3-4B60-BA41-3670657AD3D3}.Debug|Any CPU.Build.0 = Debug|Any CPU
		{74FA3293-4FC3-4B60-BA41-3670657AD3D3}.Release|Any CPU.ActiveCfg = Release|Any CPU
		{74FA3293-4FC3-4B60-BA41-3670657AD3D3}.Release|Any CPU.Build.0 = Release|Any CPU
		{1DC76826-BCBE-4E8D-BB0A-D3D47736C816}.Debug|Any CPU.ActiveCfg = Debug|Any CPU
		{1DC76826-BCBE-4E8D-BB0A-D3D47736C816}.Debug|Any CPU.Build.0 = Debug|Any CPU
		{1DC76826-BCBE-4E8D-BB0A-D3D47736C816}.Release|Any CPU.ActiveCfg = Release|Any CPU
		{1DC76826-BCBE-4E8D-BB0A-D3D47736C816}.Release|Any CPU.Build.0 = Release|Any CPU
		{02D86F64-24CC-4728-8E3A-E269FA55C109}.Debug|Any CPU.ActiveCfg = Debug|Any CPU
		{02D86F64-24CC-4728-8E3A-E269FA55C109}.Debug|Any CPU.Build.0 = Debug|Any CPU
		{02D86F64-24CC-4728-8E3A-E269FA55C109}.Release|Any CPU.ActiveCfg = Release|Any CPU
		{02D86F64-24CC-4728-8E3A-E269FA55C109}.Release|Any CPU.Build.0 = Release|Any CPU
		{1B36D37C-17EA-4F66-8EF9-4AFB55ED552A}.Debug|Any CPU.ActiveCfg = Debug|Any CPU
		{1B36D37C-17EA-4F66-8EF9-4AFB55ED552A}.Debug|Any CPU.Build.0 = Debug|Any CPU
		{1B36D37C-17EA-4F66-8EF9-4AFB55ED552A}.Release|Any CPU.ActiveCfg = Release|Any CPU
		{1B36D37C-17EA-4F66-8EF9-4AFB55ED552A}.Release|Any CPU.Build.0 = Release|Any CPU
		{2AFDFE71-D743-49DF-9F47-61A94431CF00}.Debug|Any CPU.ActiveCfg = Debug|Any CPU
		{2AFDFE71-D743-49DF-9F47-61A94431CF00}.Debug|Any CPU.Build.0 = Debug|Any CPU
		{2AFDFE71-D743-49DF-9F47-61A94431CF00}.Release|Any CPU.ActiveCfg = Release|Any CPU
		{2AFDFE71-D743-49DF-9F47-61A94431CF00}.Release|Any CPU.Build.0 = Release|Any CPU
		{6B1BA988-E9C1-46B7-86EE-1D0269D21906}.Debug|Any CPU.ActiveCfg = Debug|Any CPU
		{6B1BA988-E9C1-46B7-86EE-1D0269D21906}.Debug|Any CPU.Build.0 = Debug|Any CPU
		{6B1BA988-E9C1-46B7-86EE-1D0269D21906}.Release|Any CPU.ActiveCfg = Release|Any CPU
		{6B1BA988-E9C1-46B7-86EE-1D0269D21906}.Release|Any CPU.Build.0 = Release|Any CPU
		{620B936C-B2A0-4B37-97DA-11E32B858D7C}.Debug|Any CPU.ActiveCfg = Debug|Any CPU
		{620B936C-B2A0-4B37-97DA-11E32B858D7C}.Debug|Any CPU.Build.0 = Debug|Any CPU
		{620B936C-B2A0-4B37-97DA-11E32B858D7C}.Release|Any CPU.ActiveCfg = Release|Any CPU
		{620B936C-B2A0-4B37-97DA-11E32B858D7C}.Release|Any CPU.Build.0 = Release|Any CPU
		{15AFB5D0-4D42-4077-9F04-0D83E8D70D79}.Debug|Any CPU.ActiveCfg = Debug|Any CPU
		{15AFB5D0-4D42-4077-9F04-0D83E8D70D79}.Debug|Any CPU.Build.0 = Debug|Any CPU
		{15AFB5D0-4D42-4077-9F04-0D83E8D70D79}.Release|Any CPU.ActiveCfg = Release|Any CPU
		{15AFB5D0-4D42-4077-9F04-0D83E8D70D79}.Release|Any CPU.Build.0 = Release|Any CPU
		{A97A2EDB-7AC3-4F23-963E-D9A924A87A11}.Debug|Any CPU.ActiveCfg = Debug|Any CPU
		{A97A2EDB-7AC3-4F23-963E-D9A924A87A11}.Debug|Any CPU.Build.0 = Debug|Any CPU
		{A97A2EDB-7AC3-4F23-963E-D9A924A87A11}.Release|Any CPU.ActiveCfg = Release|Any CPU
		{A97A2EDB-7AC3-4F23-963E-D9A924A87A11}.Release|Any CPU.Build.0 = Release|Any CPU
	EndGlobalSection
	GlobalSection(SolutionProperties) = preSolution
		HideSolutionNode = FALSE
	EndGlobalSection
	GlobalSection(NestedProjects) = preSolution
		{C23EE235-084E-44FC-8238-D0CA0C5CC329} = {534F00C1-22A4-4090-9566-6C6A8468ACC1}
		{22C3FE11-0CE2-4D19-A32A-19B7B4DD9DD0} = {F5B87E3E-7729-46C9-8863-75ED2D5A2D51}
		{D9A082D5-4591-40C7-9911-F0B76FB842A9} = {F5B87E3E-7729-46C9-8863-75ED2D5A2D51}
		{415687A3-ACD3-463A-9D86-8202EF06071F} = {534F00C1-22A4-4090-9566-6C6A8468ACC1}
		{BDF53369-758D-4954-BA18-9424EF294550} = {F5B87E3E-7729-46C9-8863-75ED2D5A2D51}
		{51B05FED-D5D3-4B31-916A-D05F670F5108} = {534F00C1-22A4-4090-9566-6C6A8468ACC1}
		{4DF7DF69-5953-45B0-B6B0-CF2DC7CFED03} = {B0C6C7C8-9839-40AD-A96F-C81E22EA87E1}
		{74FA3293-4FC3-4B60-BA41-3670657AD3D3} = {534F00C1-22A4-4090-9566-6C6A8468ACC1}
		{1DC76826-BCBE-4E8D-BB0A-D3D47736C816} = {534F00C1-22A4-4090-9566-6C6A8468ACC1}
		{02D86F64-24CC-4728-8E3A-E269FA55C109} = {DA3E9648-B96A-433E-A86A-FA7E3F925058}
		{1B36D37C-17EA-4F66-8EF9-4AFB55ED552A} = {DA3E9648-B96A-433E-A86A-FA7E3F925058}
		{2AFDFE71-D743-49DF-9F47-61A94431CF00} = {DA3E9648-B96A-433E-A86A-FA7E3F925058}
		{6B1BA988-E9C1-46B7-86EE-1D0269D21906} = {DA3E9648-B96A-433E-A86A-FA7E3F925058}
		{620B936C-B2A0-4B37-97DA-11E32B858D7C} = {DA3E9648-B96A-433E-A86A-FA7E3F925058}
		{15AFB5D0-4D42-4077-9F04-0D83E8D70D79} = {DA3E9648-B96A-433E-A86A-FA7E3F925058}
		{A97A2EDB-7AC3-4F23-963E-D9A924A87A11} = {4005EDEB-D8D4-4662-8EB2-80E4CE64F9DA}
	EndGlobalSection
	GlobalSection(ExtensibilityGlobals) = postSolution
		SolutionGuid = {BDFCCFD5-8669-4BBF-83FF-8DFCC3F39551}
	EndGlobalSection
EndGlobal
