
Microsoft Visual Studio Solution File, Format Version 12.00
# Visual Studio Version 16
VisualStudioVersion = 16.0.28721.148
MinimumVisualStudioVersion = 10.0.40219.1
Project("{9A19103F-16F7-4668-BE54-9A1E7A4F7556}") = "BeaverSoft.Texo.Core", "BeaverSoft.Texo.Core\BeaverSoft.Texo.Core.csproj", "{588610D7-7D21-4DF8-AAD6-E88C83560D87}"
EndProject
Project("{9A19103F-16F7-4668-BE54-9A1E7A4F7556}") = "BeaverSoft.Texo.View.Console", "BeaverSoft.Texo.View.Console\BeaverSoft.Texo.View.Console.csproj", "{C23EE235-084E-44FC-8238-D0CA0C5CC329}"
EndProject
Project("{2150E333-8FDC-42A3-9474-1A3956D46DE8}") = "BeaverSoft.Texo.Test.Client", "BeaverSoft.Texo.Test.Client", "{F5B87E3E-7729-46C9-8863-75ED2D5A2D51}"
EndProject
Project("{9A19103F-16F7-4668-BE54-9A1E7A4F7556}") = "BeaverSoft.Texo.Test.Client.Console", "BeaverSoft.Texo.Test.Client.Console\BeaverSoft.Texo.Test.Client.Console.csproj", "{22C3FE11-0CE2-4D19-A32A-19B7B4DD9DD0}"
EndProject
Project("{FAE04EC0-301F-11D3-BF4B-00C04F79EFBC}") = "BeaverSoft.Texo.Test.Client.WPF", "BeaverSoft.Texo.Test.Client.WPF\BeaverSoft.Texo.Test.Client.WPF.csproj", "{D9A082D5-4591-40C7-9911-F0B76FB842A9}"
EndProject
Project("{2150E333-8FDC-42A3-9474-1A3956D46DE8}") = "BeaverSoft.Texo.View", "BeaverSoft.Texo.View", "{534F00C1-22A4-4090-9566-6C6A8468ACC1}"
EndProject
Project("{FAE04EC0-301F-11D3-BF4B-00C04F79EFBC}") = "BeaverSoft.Texo.View.WPF", "BeaverSoft.Texo.View.WPF\BeaverSoft.Texo.View.WPF.csproj", "{415687A3-ACD3-463A-9D86-8202EF06071F}"
EndProject
Project("{9A19103F-16F7-4668-BE54-9A1E7A4F7556}") = "BeaverSoft.Texo.Test.Client.Core", "BeaverSoft.Texo.Test.Client.Core\BeaverSoft.Texo.Test.Client.Core.csproj", "{BDF53369-758D-4954-BA18-9424EF294550}"
EndProject
Project("{2150E333-8FDC-42A3-9474-1A3956D46DE8}") = "Solution Items", "Solution Items", "{6765B4AB-546C-4E9D-AEB6-80E1B11617F4}"
	ProjectSection(SolutionItems) = preProject
		README.md = README.md
	EndProjectSection
EndProject
Project("{9A19103F-16F7-4668-BE54-9A1E7A4F7556}") = "BeaverSoft.Texo.Core.Markdown", "BeaverSoft.Texo.Core.MarkDown\BeaverSoft.Texo.Core.Markdown.csproj", "{9D99B9D9-ED3A-430C-8233-68CB05CB7CCA}"
EndProject
Project("{2150E333-8FDC-42A3-9474-1A3956D46DE8}") = "BeaverSoft.Texo.Test", "BeaverSoft.Texo.Test", "{B0C6C7C8-9839-40AD-A96F-C81E22EA87E1}"
EndProject
Project("{9A19103F-16F7-4668-BE54-9A1E7A4F7556}") = "BeaverSoft.Texo.Test.Core", "BeaverSoft.Texo.Test.Core\BeaverSoft.Texo.Test.Core.csproj", "{4DF7DF69-5953-45B0-B6B0-CF2DC7CFED03}"
EndProject
Project("{9A19103F-16F7-4668-BE54-9A1E7A4F7556}") = "BeaverSoft.Texo.View.Console.Markdown", "BeaverSoft.Texo.View.Console.Markdown\BeaverSoft.Texo.View.Console.Markdown.csproj", "{74FA3293-4FC3-4B60-BA41-3670657AD3D3}"
EndProject
Project("{FAE04EC0-301F-11D3-BF4B-00C04F79EFBC}") = "BeaverSoft.Texo.View.WPF.Markdown", "BeaverSoft.Texo.View.WPF.Markdown\BeaverSoft.Texo.View.WPF.Markdown.csproj", "{1DC76826-BCBE-4E8D-BB0A-D3D47736C816}"
EndProject
Project("{2150E333-8FDC-42A3-9474-1A3956D46DE8}") = "Commands", "Commands", "{DA3E9648-B96A-433E-A86A-FA7E3F925058}"
EndProject
Project("{9A19103F-16F7-4668-BE54-9A1E7A4F7556}") = "Commands.ReferenceCheck", "Commands\Commands.ReferenceCheck\Commands.ReferenceCheck.csproj", "{02D86F64-24CC-4728-8E3A-E269FA55C109}"
EndProject
Project("{9A19103F-16F7-4668-BE54-9A1E7A4F7556}") = "Commands.FileManager", "Commands\Commands.FileManager\Commands.FileManager.csproj", "{2AFDFE71-D743-49DF-9F47-61A94431CF00}"
EndProject
Project("{9A19103F-16F7-4668-BE54-9A1E7A4F7556}") = "Commands.NugetManager", "Commands\Commands.NugetManager\Commands.NugetManager.csproj", "{6B1BA988-E9C1-46B7-86EE-1D0269D21906}"
EndProject
Project("{9A19103F-16F7-4668-BE54-9A1E7A4F7556}") = "Commands.CommandLine", "Commands\Commands.CommandLine\Commands.CommandLine.csproj", "{620B936C-B2A0-4B37-97DA-11E32B858D7C}"
EndProject
Project("{9A19103F-16F7-4668-BE54-9A1E7A4F7556}") = "Commands.CodeBaseSearch", "Commands\Commands.CodeBaseSearch\Commands.CodeBaseSearch.csproj", "{15AFB5D0-4D42-4077-9F04-0D83E8D70D79}"
EndProject
Project("{2150E333-8FDC-42A3-9474-1A3956D46DE8}") = "BeaverSoft.Texo.Fallback", "BeaverSoft.Texo.Fallback", "{4005EDEB-D8D4-4662-8EB2-80E4CE64F9DA}"
EndProject
Project("{9A19103F-16F7-4668-BE54-9A1E7A4F7556}") = "BeaverSoft.Texo.Fallback.PowerShell", "BeaverSoft.Texo.Fallback.PowerShell\BeaverSoft.Texo.Fallback.PowerShell.csproj", "{A97A2EDB-7AC3-4F23-963E-D9A924A87A11}"
EndProject
Project("{9A19103F-16F7-4668-BE54-9A1E7A4F7556}") = "BeaverSoft.Texo.Fallback.PowerShell.Markdown", "BeaverSoft.Texo.Fallback.PowerShell.Markdown\BeaverSoft.Texo.Fallback.PowerShell.Markdown.csproj", "{6E8522A3-058B-47B9-B8C0-D9A14978647A}"
EndProject
Project("{FAE04EC0-301F-11D3-BF4B-00C04F79EFBC}") = "BeaverSoft.Texo.Test.Client.Forms", "BeaverSoft.Texo.Test.Client.Forms\BeaverSoft.Texo.Test.Client.Forms.csproj", "{E536F739-D617-467C-9AEE-D87E95AF42AB}"
EndProject
Project("{2150E333-8FDC-42A3-9474-1A3956D46DE8}") = "Tools", "Tools", "{033465D5-8DBB-4F82-B013-3FD6137E8569}"
EndProject
Project("{FAE04EC0-301F-11D3-BF4B-00C04F79EFBC}") = "PowerShell.Forms", "tools\PowerShell.Forms\PowerShell.Forms.csproj", "{7C8EBE06-A263-4BF4-AE84-28572AC5806F}"
EndProject
Project("{9A19103F-16F7-4668-BE54-9A1E7A4F7556}") = "Commands.Git", "Commands\Commands.Git\Commands.Git.csproj", "{9DF2658D-1FF8-48B7-9219-91A316A7C353}"
EndProject
Project("{9A19103F-16F7-4668-BE54-9A1E7A4F7556}") = "Commands.Dotnet", "Commands\Commands.Dotnet\Commands.Dotnet.csproj", "{6BDE023D-A613-440F-B31D-B27C49B099D0}"
EndProject
Project("{9A19103F-16F7-4668-BE54-9A1E7A4F7556}") = "Commands.Calc", "Commands\Commands.Calc\Commands.Calc.csproj", "{EE949F35-15BD-47D3-BC1E-01C18847CF6B}"
EndProject
Project("{FAE04EC0-301F-11D3-BF4B-00C04F79EFBC}") = "Commands.Clipboard", "Commands\Commands.Clipboard\Commands.Clipboard.csproj", "{694220F2-5D6E-4543-8C3C-0AC6ACABC957}"
EndProject
Project("{FAE04EC0-301F-11D3-BF4B-00C04F79EFBC}") = "BeaverSoft.Texo.Test.Client.Console.Native", "BeaverSoft.Texo.Test.Client.Console.Native\BeaverSoft.Texo.Test.Client.Console.Native.csproj", "{8A3EAA62-AB20-4BE7-A864-7C3C7B229362}"
EndProject
Project("{9A19103F-16F7-4668-BE54-9A1E7A4F7556}") = "Commands.Functions", "Commands\Commands.Functions\Commands.Functions.csproj", "{33BCB6F8-8A55-44A9-910E-628A096E41E6}"
EndProject
Project("{9A19103F-16F7-4668-BE54-9A1E7A4F7556}") = "Commands.TodoList", "Commands\Commands.TodoList\Commands.TodoList.csproj", "{97D0F39C-335B-4012-9DD1-514FC74C02CC}"
EndProject
Project("{2150E333-8FDC-42A3-9474-1A3956D46DE8}") = "BeaverSoft.Text.Client", "BeaverSoft.Text.Client", "{061058FB-1E54-4BC5-9F15-1BFAA70DA966}"
EndProject
Project("{FAE04EC0-301F-11D3-BF4B-00C04F79EFBC}") = "BeaverSoft.Text.Client.VisualStudio", "BeaverSoft.Text.Client.VisualStudio\BeaverSoft.Text.Client.VisualStudio.csproj", "{A3965F79-BC11-46DB-B6C4-6713E8E9B6EF}"
EndProject
Project("{FAE04EC0-301F-11D3-BF4B-00C04F79EFBC}") = "Commands.SpinSport", "Commands\Commands.SpinSport\Commands.SpinSport.csproj", "{636E7983-C0D3-49D1-B83A-A1DE7887F182}"
EndProject
Project("{9A19103F-16F7-4668-BE54-9A1E7A4F7556}") = "BeaverSoft.Text.Client.VisualStudio.Core", "BeaverSoft.Text.Client.VisualStudio.Core\BeaverSoft.Text.Client.VisualStudio.Core.csproj", "{3D71844C-8591-426E-8CEE-40DE11AAE1C4}"
EndProject
Project("{9A19103F-16F7-4668-BE54-9A1E7A4F7556}") = "BeaverSoft.Texo.Fallback.PseudoConsole", "BeaverSoft.Texo.Fallback.PseudoConsole\BeaverSoft.Texo.Fallback.PseudoConsole.csproj", "{8FFF169D-D99F-4233-A647-9B6E4E0BEF41}"
EndProject
Project("{9A19103F-16F7-4668-BE54-9A1E7A4F7556}") = "BeaverSoft.Texo.Core.Console", "BeaverSoft.Texo.Core.Console\BeaverSoft.Texo.Core.Console.csproj", "{559BE938-653D-414E-8B28-017E6306D26F}"
EndProject
Project("{9A19103F-16F7-4668-BE54-9A1E7A4F7556}") = "BeaverSoft.Texo.Fallback.PowerShell.Core", "BeaverSoft.Texo.Fallback.PowerShell.Core\BeaverSoft.Texo.Fallback.PowerShell.Core.csproj", "{416069F6-2BD7-48BC-AD12-C6EA2CFDFB2F}"
EndProject
Project("{FAE04EC0-301F-11D3-BF4B-00C04F79EFBC}") = "BeaverSoft.Texo.Fallback.PowerShell.Standalone", "BeaverSoft.Texo.Fallback.PowerShell.Standalone\BeaverSoft.Texo.Fallback.PowerShell.Standalone.csproj", "{35BDA4C5-C1E4-41A4-ABFD-8E599B1A62A1}"
EndProject
Project("{FAE04EC0-301F-11D3-BF4B-00C04F79EFBC}") = "Example.Terminal", "tools\Example.Terminal\Example.Terminal.csproj", "{9720F490-CC6E-4A8A-B5BB-2DCAA40173ED}"
EndProject
Project("{FAE04EC0-301F-11D3-BF4B-00C04F79EFBC}") = "Example.Console.App", "tools\Example.Console.App\Example.Console.App.csproj", "{1084174C-3B2D-403A-A25A-939B8E58FD69}"
EndProject
Project("{9A19103F-16F7-4668-BE54-9A1E7A4F7556}") = "VT100.Viewer", "tools\VT100.Viewer\VT100.Viewer.csproj", "{35B9CF2D-EB89-42C4-9D41-23173AC8CE90}"
EndProject
Project("{9A19103F-16F7-4668-BE54-9A1E7A4F7556}") = "BeaverSoft.Texo.Core.Console.Bitmap", "BeaverSoft.Texo.Core.Console.Bitmap\BeaverSoft.Texo.Core.Console.Bitmap.csproj", "{DB49A521-7C88-4A50-A2C2-574DF403C614}"
EndProject
Project("{FAE04EC0-301F-11D3-BF4B-00C04F79EFBC}") = "BeaverSoft.Texo.View.Terminal", "BeaverSoft.Texo.View.Terminal\BeaverSoft.Texo.View.Terminal.csproj", "{D97035CE-679A-446C-8F2E-219073502658}"
EndProject
Global
	GlobalSection(SolutionConfigurationPlatforms) = preSolution
		Debug|Any CPU = Debug|Any CPU
		Release|Any CPU = Release|Any CPU
	EndGlobalSection
	GlobalSection(ProjectConfigurationPlatforms) = postSolution
		{588610D7-7D21-4DF8-AAD6-E88C83560D87}.Debug|Any CPU.ActiveCfg = Debug|Any CPU
		{588610D7-7D21-4DF8-AAD6-E88C83560D87}.Debug|Any CPU.Build.0 = Debug|Any CPU
		{588610D7-7D21-4DF8-AAD6-E88C83560D87}.Release|Any CPU.ActiveCfg = Release|Any CPU
		{588610D7-7D21-4DF8-AAD6-E88C83560D87}.Release|Any CPU.Build.0 = Release|Any CPU
		{C23EE235-084E-44FC-8238-D0CA0C5CC329}.Debug|Any CPU.ActiveCfg = Debug|Any CPU
		{C23EE235-084E-44FC-8238-D0CA0C5CC329}.Debug|Any CPU.Build.0 = Debug|Any CPU
		{C23EE235-084E-44FC-8238-D0CA0C5CC329}.Release|Any CPU.ActiveCfg = Release|Any CPU
		{C23EE235-084E-44FC-8238-D0CA0C5CC329}.Release|Any CPU.Build.0 = Release|Any CPU
		{22C3FE11-0CE2-4D19-A32A-19B7B4DD9DD0}.Debug|Any CPU.ActiveCfg = Debug|Any CPU
		{22C3FE11-0CE2-4D19-A32A-19B7B4DD9DD0}.Debug|Any CPU.Build.0 = Debug|Any CPU
		{22C3FE11-0CE2-4D19-A32A-19B7B4DD9DD0}.Release|Any CPU.ActiveCfg = Release|Any CPU
		{22C3FE11-0CE2-4D19-A32A-19B7B4DD9DD0}.Release|Any CPU.Build.0 = Release|Any CPU
		{D9A082D5-4591-40C7-9911-F0B76FB842A9}.Debug|Any CPU.ActiveCfg = Debug|Any CPU
		{D9A082D5-4591-40C7-9911-F0B76FB842A9}.Debug|Any CPU.Build.0 = Debug|Any CPU
		{D9A082D5-4591-40C7-9911-F0B76FB842A9}.Release|Any CPU.ActiveCfg = Release|Any CPU
		{D9A082D5-4591-40C7-9911-F0B76FB842A9}.Release|Any CPU.Build.0 = Release|Any CPU
		{415687A3-ACD3-463A-9D86-8202EF06071F}.Debug|Any CPU.ActiveCfg = Debug|Any CPU
		{415687A3-ACD3-463A-9D86-8202EF06071F}.Debug|Any CPU.Build.0 = Debug|Any CPU
		{415687A3-ACD3-463A-9D86-8202EF06071F}.Release|Any CPU.ActiveCfg = Release|Any CPU
		{415687A3-ACD3-463A-9D86-8202EF06071F}.Release|Any CPU.Build.0 = Release|Any CPU
		{BDF53369-758D-4954-BA18-9424EF294550}.Debug|Any CPU.ActiveCfg = Debug|Any CPU
		{BDF53369-758D-4954-BA18-9424EF294550}.Debug|Any CPU.Build.0 = Debug|Any CPU
		{BDF53369-758D-4954-BA18-9424EF294550}.Release|Any CPU.ActiveCfg = Release|Any CPU
		{BDF53369-758D-4954-BA18-9424EF294550}.Release|Any CPU.Build.0 = Release|Any CPU
		{9D99B9D9-ED3A-430C-8233-68CB05CB7CCA}.Debug|Any CPU.ActiveCfg = Debug|Any CPU
		{9D99B9D9-ED3A-430C-8233-68CB05CB7CCA}.Debug|Any CPU.Build.0 = Debug|Any CPU
		{9D99B9D9-ED3A-430C-8233-68CB05CB7CCA}.Release|Any CPU.ActiveCfg = Release|Any CPU
		{9D99B9D9-ED3A-430C-8233-68CB05CB7CCA}.Release|Any CPU.Build.0 = Release|Any CPU
		{4DF7DF69-5953-45B0-B6B0-CF2DC7CFED03}.Debug|Any CPU.ActiveCfg = Debug|Any CPU
		{4DF7DF69-5953-45B0-B6B0-CF2DC7CFED03}.Debug|Any CPU.Build.0 = Debug|Any CPU
		{4DF7DF69-5953-45B0-B6B0-CF2DC7CFED03}.Release|Any CPU.ActiveCfg = Release|Any CPU
		{4DF7DF69-5953-45B0-B6B0-CF2DC7CFED03}.Release|Any CPU.Build.0 = Release|Any CPU
		{74FA3293-4FC3-4B60-BA41-3670657AD3D3}.Debug|Any CPU.ActiveCfg = Debug|Any CPU
		{74FA3293-4FC3-4B60-BA41-3670657AD3D3}.Debug|Any CPU.Build.0 = Debug|Any CPU
		{74FA3293-4FC3-4B60-BA41-3670657AD3D3}.Release|Any CPU.ActiveCfg = Release|Any CPU
		{74FA3293-4FC3-4B60-BA41-3670657AD3D3}.Release|Any CPU.Build.0 = Release|Any CPU
		{1DC76826-BCBE-4E8D-BB0A-D3D47736C816}.Debug|Any CPU.ActiveCfg = Debug|Any CPU
		{1DC76826-BCBE-4E8D-BB0A-D3D47736C816}.Debug|Any CPU.Build.0 = Debug|Any CPU
		{1DC76826-BCBE-4E8D-BB0A-D3D47736C816}.Release|Any CPU.ActiveCfg = Release|Any CPU
		{1DC76826-BCBE-4E8D-BB0A-D3D47736C816}.Release|Any CPU.Build.0 = Release|Any CPU
		{02D86F64-24CC-4728-8E3A-E269FA55C109}.Debug|Any CPU.ActiveCfg = Debug|Any CPU
		{02D86F64-24CC-4728-8E3A-E269FA55C109}.Debug|Any CPU.Build.0 = Debug|Any CPU
		{02D86F64-24CC-4728-8E3A-E269FA55C109}.Release|Any CPU.ActiveCfg = Release|Any CPU
		{02D86F64-24CC-4728-8E3A-E269FA55C109}.Release|Any CPU.Build.0 = Release|Any CPU
		{2AFDFE71-D743-49DF-9F47-61A94431CF00}.Debug|Any CPU.ActiveCfg = Debug|Any CPU
		{2AFDFE71-D743-49DF-9F47-61A94431CF00}.Debug|Any CPU.Build.0 = Debug|Any CPU
		{2AFDFE71-D743-49DF-9F47-61A94431CF00}.Release|Any CPU.ActiveCfg = Release|Any CPU
		{2AFDFE71-D743-49DF-9F47-61A94431CF00}.Release|Any CPU.Build.0 = Release|Any CPU
		{6B1BA988-E9C1-46B7-86EE-1D0269D21906}.Debug|Any CPU.ActiveCfg = Debug|Any CPU
		{6B1BA988-E9C1-46B7-86EE-1D0269D21906}.Debug|Any CPU.Build.0 = Debug|Any CPU
		{6B1BA988-E9C1-46B7-86EE-1D0269D21906}.Release|Any CPU.ActiveCfg = Release|Any CPU
		{6B1BA988-E9C1-46B7-86EE-1D0269D21906}.Release|Any CPU.Build.0 = Release|Any CPU
		{620B936C-B2A0-4B37-97DA-11E32B858D7C}.Debug|Any CPU.ActiveCfg = Debug|Any CPU
		{620B936C-B2A0-4B37-97DA-11E32B858D7C}.Debug|Any CPU.Build.0 = Debug|Any CPU
		{620B936C-B2A0-4B37-97DA-11E32B858D7C}.Release|Any CPU.ActiveCfg = Release|Any CPU
		{620B936C-B2A0-4B37-97DA-11E32B858D7C}.Release|Any CPU.Build.0 = Release|Any CPU
		{15AFB5D0-4D42-4077-9F04-0D83E8D70D79}.Debug|Any CPU.ActiveCfg = Debug|Any CPU
		{15AFB5D0-4D42-4077-9F04-0D83E8D70D79}.Debug|Any CPU.Build.0 = Debug|Any CPU
		{15AFB5D0-4D42-4077-9F04-0D83E8D70D79}.Release|Any CPU.ActiveCfg = Release|Any CPU
		{15AFB5D0-4D42-4077-9F04-0D83E8D70D79}.Release|Any CPU.Build.0 = Release|Any CPU
		{A97A2EDB-7AC3-4F23-963E-D9A924A87A11}.Debug|Any CPU.ActiveCfg = Debug|Any CPU
		{A97A2EDB-7AC3-4F23-963E-D9A924A87A11}.Debug|Any CPU.Build.0 = Debug|Any CPU
		{A97A2EDB-7AC3-4F23-963E-D9A924A87A11}.Release|Any CPU.ActiveCfg = Release|Any CPU
		{A97A2EDB-7AC3-4F23-963E-D9A924A87A11}.Release|Any CPU.Build.0 = Release|Any CPU
		{6E8522A3-058B-47B9-B8C0-D9A14978647A}.Debug|Any CPU.ActiveCfg = Debug|Any CPU
		{6E8522A3-058B-47B9-B8C0-D9A14978647A}.Debug|Any CPU.Build.0 = Debug|Any CPU
		{6E8522A3-058B-47B9-B8C0-D9A14978647A}.Release|Any CPU.ActiveCfg = Release|Any CPU
		{6E8522A3-058B-47B9-B8C0-D9A14978647A}.Release|Any CPU.Build.0 = Release|Any CPU
		{E536F739-D617-467C-9AEE-D87E95AF42AB}.Debug|Any CPU.ActiveCfg = Debug|Any CPU
		{E536F739-D617-467C-9AEE-D87E95AF42AB}.Debug|Any CPU.Build.0 = Debug|Any CPU
		{E536F739-D617-467C-9AEE-D87E95AF42AB}.Release|Any CPU.ActiveCfg = Release|Any CPU
		{E536F739-D617-467C-9AEE-D87E95AF42AB}.Release|Any CPU.Build.0 = Release|Any CPU
		{7C8EBE06-A263-4BF4-AE84-28572AC5806F}.Debug|Any CPU.ActiveCfg = Debug|Any CPU
		{7C8EBE06-A263-4BF4-AE84-28572AC5806F}.Debug|Any CPU.Build.0 = Debug|Any CPU
		{7C8EBE06-A263-4BF4-AE84-28572AC5806F}.Release|Any CPU.ActiveCfg = Release|Any CPU
		{7C8EBE06-A263-4BF4-AE84-28572AC5806F}.Release|Any CPU.Build.0 = Release|Any CPU
		{9DF2658D-1FF8-48B7-9219-91A316A7C353}.Debug|Any CPU.ActiveCfg = Debug|Any CPU
		{9DF2658D-1FF8-48B7-9219-91A316A7C353}.Debug|Any CPU.Build.0 = Debug|Any CPU
		{9DF2658D-1FF8-48B7-9219-91A316A7C353}.Release|Any CPU.ActiveCfg = Release|Any CPU
		{9DF2658D-1FF8-48B7-9219-91A316A7C353}.Release|Any CPU.Build.0 = Release|Any CPU
		{6BDE023D-A613-440F-B31D-B27C49B099D0}.Debug|Any CPU.ActiveCfg = Debug|Any CPU
		{6BDE023D-A613-440F-B31D-B27C49B099D0}.Debug|Any CPU.Build.0 = Debug|Any CPU
		{6BDE023D-A613-440F-B31D-B27C49B099D0}.Release|Any CPU.ActiveCfg = Release|Any CPU
		{6BDE023D-A613-440F-B31D-B27C49B099D0}.Release|Any CPU.Build.0 = Release|Any CPU
		{EE949F35-15BD-47D3-BC1E-01C18847CF6B}.Debug|Any CPU.ActiveCfg = Debug|Any CPU
		{EE949F35-15BD-47D3-BC1E-01C18847CF6B}.Debug|Any CPU.Build.0 = Debug|Any CPU
		{EE949F35-15BD-47D3-BC1E-01C18847CF6B}.Release|Any CPU.ActiveCfg = Release|Any CPU
		{EE949F35-15BD-47D3-BC1E-01C18847CF6B}.Release|Any CPU.Build.0 = Release|Any CPU
		{694220F2-5D6E-4543-8C3C-0AC6ACABC957}.Debug|Any CPU.ActiveCfg = Debug|Any CPU
		{694220F2-5D6E-4543-8C3C-0AC6ACABC957}.Debug|Any CPU.Build.0 = Debug|Any CPU
		{694220F2-5D6E-4543-8C3C-0AC6ACABC957}.Release|Any CPU.ActiveCfg = Release|Any CPU
		{694220F2-5D6E-4543-8C3C-0AC6ACABC957}.Release|Any CPU.Build.0 = Release|Any CPU
		{8A3EAA62-AB20-4BE7-A864-7C3C7B229362}.Debug|Any CPU.ActiveCfg = Debug|Any CPU
		{8A3EAA62-AB20-4BE7-A864-7C3C7B229362}.Debug|Any CPU.Build.0 = Debug|Any CPU
		{8A3EAA62-AB20-4BE7-A864-7C3C7B229362}.Release|Any CPU.ActiveCfg = Release|Any CPU
		{8A3EAA62-AB20-4BE7-A864-7C3C7B229362}.Release|Any CPU.Build.0 = Release|Any CPU
		{33BCB6F8-8A55-44A9-910E-628A096E41E6}.Debug|Any CPU.ActiveCfg = Debug|Any CPU
		{33BCB6F8-8A55-44A9-910E-628A096E41E6}.Debug|Any CPU.Build.0 = Debug|Any CPU
		{33BCB6F8-8A55-44A9-910E-628A096E41E6}.Release|Any CPU.ActiveCfg = Release|Any CPU
		{33BCB6F8-8A55-44A9-910E-628A096E41E6}.Release|Any CPU.Build.0 = Release|Any CPU
		{97D0F39C-335B-4012-9DD1-514FC74C02CC}.Debug|Any CPU.ActiveCfg = Debug|Any CPU
		{97D0F39C-335B-4012-9DD1-514FC74C02CC}.Debug|Any CPU.Build.0 = Debug|Any CPU
		{97D0F39C-335B-4012-9DD1-514FC74C02CC}.Release|Any CPU.ActiveCfg = Release|Any CPU
		{97D0F39C-335B-4012-9DD1-514FC74C02CC}.Release|Any CPU.Build.0 = Release|Any CPU
		{A3965F79-BC11-46DB-B6C4-6713E8E9B6EF}.Debug|Any CPU.ActiveCfg = Debug|Any CPU
		{A3965F79-BC11-46DB-B6C4-6713E8E9B6EF}.Debug|Any CPU.Build.0 = Debug|Any CPU
		{A3965F79-BC11-46DB-B6C4-6713E8E9B6EF}.Release|Any CPU.ActiveCfg = Release|Any CPU
		{A3965F79-BC11-46DB-B6C4-6713E8E9B6EF}.Release|Any CPU.Build.0 = Release|Any CPU
		{636E7983-C0D3-49D1-B83A-A1DE7887F182}.Debug|Any CPU.ActiveCfg = Debug|Any CPU
		{636E7983-C0D3-49D1-B83A-A1DE7887F182}.Debug|Any CPU.Build.0 = Debug|Any CPU
		{636E7983-C0D3-49D1-B83A-A1DE7887F182}.Release|Any CPU.ActiveCfg = Release|Any CPU
		{636E7983-C0D3-49D1-B83A-A1DE7887F182}.Release|Any CPU.Build.0 = Release|Any CPU
		{3D71844C-8591-426E-8CEE-40DE11AAE1C4}.Debug|Any CPU.ActiveCfg = Debug|Any CPU
		{3D71844C-8591-426E-8CEE-40DE11AAE1C4}.Debug|Any CPU.Build.0 = Debug|Any CPU
		{3D71844C-8591-426E-8CEE-40DE11AAE1C4}.Release|Any CPU.ActiveCfg = Release|Any CPU
		{3D71844C-8591-426E-8CEE-40DE11AAE1C4}.Release|Any CPU.Build.0 = Release|Any CPU
		{8FFF169D-D99F-4233-A647-9B6E4E0BEF41}.Debug|Any CPU.ActiveCfg = Debug|Any CPU
		{8FFF169D-D99F-4233-A647-9B6E4E0BEF41}.Debug|Any CPU.Build.0 = Debug|Any CPU
		{8FFF169D-D99F-4233-A647-9B6E4E0BEF41}.Release|Any CPU.ActiveCfg = Release|Any CPU
		{8FFF169D-D99F-4233-A647-9B6E4E0BEF41}.Release|Any CPU.Build.0 = Release|Any CPU
		{559BE938-653D-414E-8B28-017E6306D26F}.Debug|Any CPU.ActiveCfg = Debug|Any CPU
		{559BE938-653D-414E-8B28-017E6306D26F}.Debug|Any CPU.Build.0 = Debug|Any CPU
		{559BE938-653D-414E-8B28-017E6306D26F}.Release|Any CPU.ActiveCfg = Release|Any CPU
		{559BE938-653D-414E-8B28-017E6306D26F}.Release|Any CPU.Build.0 = Release|Any CPU
		{416069F6-2BD7-48BC-AD12-C6EA2CFDFB2F}.Debug|Any CPU.ActiveCfg = Debug|Any CPU
		{416069F6-2BD7-48BC-AD12-C6EA2CFDFB2F}.Debug|Any CPU.Build.0 = Debug|Any CPU
		{416069F6-2BD7-48BC-AD12-C6EA2CFDFB2F}.Release|Any CPU.ActiveCfg = Release|Any CPU
		{416069F6-2BD7-48BC-AD12-C6EA2CFDFB2F}.Release|Any CPU.Build.0 = Release|Any CPU
		{35BDA4C5-C1E4-41A4-ABFD-8E599B1A62A1}.Debug|Any CPU.ActiveCfg = Debug|Any CPU
		{35BDA4C5-C1E4-41A4-ABFD-8E599B1A62A1}.Debug|Any CPU.Build.0 = Debug|Any CPU
		{35BDA4C5-C1E4-41A4-ABFD-8E599B1A62A1}.Release|Any CPU.ActiveCfg = Release|Any CPU
		{35BDA4C5-C1E4-41A4-ABFD-8E599B1A62A1}.Release|Any CPU.Build.0 = Release|Any CPU
		{9720F490-CC6E-4A8A-B5BB-2DCAA40173ED}.Debug|Any CPU.ActiveCfg = Debug|Any CPU
		{9720F490-CC6E-4A8A-B5BB-2DCAA40173ED}.Debug|Any CPU.Build.0 = Debug|Any CPU
		{9720F490-CC6E-4A8A-B5BB-2DCAA40173ED}.Release|Any CPU.ActiveCfg = Release|Any CPU
		{9720F490-CC6E-4A8A-B5BB-2DCAA40173ED}.Release|Any CPU.Build.0 = Release|Any CPU
		{1084174C-3B2D-403A-A25A-939B8E58FD69}.Debug|Any CPU.ActiveCfg = Debug|Any CPU
		{1084174C-3B2D-403A-A25A-939B8E58FD69}.Debug|Any CPU.Build.0 = Debug|Any CPU
		{1084174C-3B2D-403A-A25A-939B8E58FD69}.Release|Any CPU.ActiveCfg = Release|Any CPU
		{1084174C-3B2D-403A-A25A-939B8E58FD69}.Release|Any CPU.Build.0 = Release|Any CPU
		{35B9CF2D-EB89-42C4-9D41-23173AC8CE90}.Debug|Any CPU.ActiveCfg = Debug|Any CPU
		{35B9CF2D-EB89-42C4-9D41-23173AC8CE90}.Debug|Any CPU.Build.0 = Debug|Any CPU
		{35B9CF2D-EB89-42C4-9D41-23173AC8CE90}.Release|Any CPU.ActiveCfg = Release|Any CPU
		{35B9CF2D-EB89-42C4-9D41-23173AC8CE90}.Release|Any CPU.Build.0 = Release|Any CPU
		{DB49A521-7C88-4A50-A2C2-574DF403C614}.Debug|Any CPU.ActiveCfg = Debug|Any CPU
		{DB49A521-7C88-4A50-A2C2-574DF403C614}.Debug|Any CPU.Build.0 = Debug|Any CPU
		{DB49A521-7C88-4A50-A2C2-574DF403C614}.Release|Any CPU.ActiveCfg = Release|Any CPU
		{DB49A521-7C88-4A50-A2C2-574DF403C614}.Release|Any CPU.Build.0 = Release|Any CPU
		{D97035CE-679A-446C-8F2E-219073502658}.Debug|Any CPU.ActiveCfg = Debug|Any CPU
		{D97035CE-679A-446C-8F2E-219073502658}.Debug|Any CPU.Build.0 = Debug|Any CPU
		{D97035CE-679A-446C-8F2E-219073502658}.Release|Any CPU.ActiveCfg = Release|Any CPU
		{D97035CE-679A-446C-8F2E-219073502658}.Release|Any CPU.Build.0 = Release|Any CPU
	EndGlobalSection
	GlobalSection(SolutionProperties) = preSolution
		HideSolutionNode = FALSE
	EndGlobalSection
	GlobalSection(NestedProjects) = preSolution
		{C23EE235-084E-44FC-8238-D0CA0C5CC329} = {534F00C1-22A4-4090-9566-6C6A8468ACC1}
		{22C3FE11-0CE2-4D19-A32A-19B7B4DD9DD0} = {F5B87E3E-7729-46C9-8863-75ED2D5A2D51}
		{D9A082D5-4591-40C7-9911-F0B76FB842A9} = {F5B87E3E-7729-46C9-8863-75ED2D5A2D51}
		{415687A3-ACD3-463A-9D86-8202EF06071F} = {534F00C1-22A4-4090-9566-6C6A8468ACC1}
		{BDF53369-758D-4954-BA18-9424EF294550} = {F5B87E3E-7729-46C9-8863-75ED2D5A2D51}
		{4DF7DF69-5953-45B0-B6B0-CF2DC7CFED03} = {B0C6C7C8-9839-40AD-A96F-C81E22EA87E1}
		{74FA3293-4FC3-4B60-BA41-3670657AD3D3} = {534F00C1-22A4-4090-9566-6C6A8468ACC1}
		{1DC76826-BCBE-4E8D-BB0A-D3D47736C816} = {534F00C1-22A4-4090-9566-6C6A8468ACC1}
		{02D86F64-24CC-4728-8E3A-E269FA55C109} = {DA3E9648-B96A-433E-A86A-FA7E3F925058}
		{2AFDFE71-D743-49DF-9F47-61A94431CF00} = {DA3E9648-B96A-433E-A86A-FA7E3F925058}
		{6B1BA988-E9C1-46B7-86EE-1D0269D21906} = {DA3E9648-B96A-433E-A86A-FA7E3F925058}
		{620B936C-B2A0-4B37-97DA-11E32B858D7C} = {DA3E9648-B96A-433E-A86A-FA7E3F925058}
		{15AFB5D0-4D42-4077-9F04-0D83E8D70D79} = {DA3E9648-B96A-433E-A86A-FA7E3F925058}
		{A97A2EDB-7AC3-4F23-963E-D9A924A87A11} = {4005EDEB-D8D4-4662-8EB2-80E4CE64F9DA}
		{6E8522A3-058B-47B9-B8C0-D9A14978647A} = {4005EDEB-D8D4-4662-8EB2-80E4CE64F9DA}
		{E536F739-D617-467C-9AEE-D87E95AF42AB} = {F5B87E3E-7729-46C9-8863-75ED2D5A2D51}
		{7C8EBE06-A263-4BF4-AE84-28572AC5806F} = {033465D5-8DBB-4F82-B013-3FD6137E8569}
		{9DF2658D-1FF8-48B7-9219-91A316A7C353} = {DA3E9648-B96A-433E-A86A-FA7E3F925058}
		{6BDE023D-A613-440F-B31D-B27C49B099D0} = {DA3E9648-B96A-433E-A86A-FA7E3F925058}
		{EE949F35-15BD-47D3-BC1E-01C18847CF6B} = {DA3E9648-B96A-433E-A86A-FA7E3F925058}
		{694220F2-5D6E-4543-8C3C-0AC6ACABC957} = {DA3E9648-B96A-433E-A86A-FA7E3F925058}
		{8A3EAA62-AB20-4BE7-A864-7C3C7B229362} = {F5B87E3E-7729-46C9-8863-75ED2D5A2D51}
		{33BCB6F8-8A55-44A9-910E-628A096E41E6} = {DA3E9648-B96A-433E-A86A-FA7E3F925058}
		{97D0F39C-335B-4012-9DD1-514FC74C02CC} = {DA3E9648-B96A-433E-A86A-FA7E3F925058}
		{A3965F79-BC11-46DB-B6C4-6713E8E9B6EF} = {061058FB-1E54-4BC5-9F15-1BFAA70DA966}
		{636E7983-C0D3-49D1-B83A-A1DE7887F182} = {DA3E9648-B96A-433E-A86A-FA7E3F925058}
		{3D71844C-8591-426E-8CEE-40DE11AAE1C4} = {061058FB-1E54-4BC5-9F15-1BFAA70DA966}
		{8FFF169D-D99F-4233-A647-9B6E4E0BEF41} = {4005EDEB-D8D4-4662-8EB2-80E4CE64F9DA}
		{416069F6-2BD7-48BC-AD12-C6EA2CFDFB2F} = {4005EDEB-D8D4-4662-8EB2-80E4CE64F9DA}
		{35BDA4C5-C1E4-41A4-ABFD-8E599B1A62A1} = {4005EDEB-D8D4-4662-8EB2-80E4CE64F9DA}
		{9720F490-CC6E-4A8A-B5BB-2DCAA40173ED} = {033465D5-8DBB-4F82-B013-3FD6137E8569}
		{1084174C-3B2D-403A-A25A-939B8E58FD69} = {033465D5-8DBB-4F82-B013-3FD6137E8569}
		{35B9CF2D-EB89-42C4-9D41-23173AC8CE90} = {033465D5-8DBB-4F82-B013-3FD6137E8569}
		{D97035CE-679A-446C-8F2E-219073502658} = {534F00C1-22A4-4090-9566-6C6A8468ACC1}
	EndGlobalSection
	GlobalSection(ExtensibilityGlobals) = postSolution
		SolutionGuid = {BDFCCFD5-8669-4BBF-83FF-8DFCC3F39551}
	EndGlobalSection
EndGlobal
